github.com/McShelby/hugo-theme-relearn v0.0.0-20240721222908-7aec99b38dc2 h1:022HGVq2CBuTftLgNRiU3rxqh+w3M3ZcschnXbjgomc=
github.com/McShelby/hugo-theme-relearn v0.0.0-20240721222908-7aec99b38dc2/go.mod h1:mKQQdxZNIlLvAj8X3tMq+RzntIJSr9z7XdzuMomt0IM=
github.com/McShelby/hugo-theme-relearn v0.0.0-20241123195749-81cd4753416d h1:Y1FzHRUz5lEI76/BlDR4Ft70ccVvbVh5/wlEK+/9xnA=
github.com/McShelby/hugo-theme-relearn v0.0.0-20241123195749-81cd4753416d/go.mod h1:mKQQdxZNIlLvAj8X3tMq+RzntIJSr9z7XdzuMomt0IM=
